
Microsoft Visual Studio Solution File, Format Version 12.00
# Visual Studio 14
VisualStudioVersion = 14.0.23107.0
MinimumVisualStudioVersion = 10.0.40219.1
Project("{FAE04EC0-301F-11D3-BF4B-00C04F79EFBC}") = "DiabloInterface", "DiabloInterface\DiabloInterface.csproj", "{25BB3310-9BD7-4234-AF7D-9F7FB6870A20}"
EndProject
Project("{FAE04EC0-301F-11D3-BF4B-00C04F79EFBC}") = "tests", "tests\tests.csproj", "{D9A9D63E-4A48-4429-9098-478AEC6304E9}"
EndProject
Global
	GlobalSection(SolutionConfigurationPlatforms) = preSolution
		Debug|Any CPU = Debug|Any CPU
		Release|Any CPU = Release|Any CPU
	EndGlobalSection
	GlobalSection(ProjectConfigurationPlatforms) = postSolution
		{25BB3310-9BD7-4234-AF7D-9F7FB6870A20}.Debug|Any CPU.ActiveCfg = Debug|Any CPU
		{25BB3310-9BD7-4234-AF7D-9F7FB6870A20}.Debug|Any CPU.Build.0 = Debug|Any CPU
		{25BB3310-9BD7-4234-AF7D-9F7FB6870A20}.Release|Any CPU.ActiveCfg = Release|Any CPU
		{25BB3310-9BD7-4234-AF7D-9F7FB6870A20}.Release|Any CPU.Build.0 = Release|Any CPU
		{D9A9D63E-4A48-4429-9098-478AEC6304E9}.Debug|Any CPU.ActiveCfg = Debug|Any CPU
		{D9A9D63E-4A48-4429-9098-478AEC6304E9}.Debug|Any CPU.Build.0 = Debug|Any CPU
		{D9A9D63E-4A48-4429-9098-478AEC6304E9}.Release|Any CPU.ActiveCfg = Release|Any CPU
		{D9A9D63E-4A48-4429-9098-478AEC6304E9}.Release|Any CPU.Build.0 = Release|Any CPU
	EndGlobalSection
	GlobalSection(SolutionProperties) = preSolution
		HideSolutionNode = FALSE
	EndGlobalSection
EndGlobal
