
Microsoft Visual Studio Solution File, Format Version 12.00
# Visual Studio Version 16
VisualStudioVersion = 16.0.31025.194
MinimumVisualStudioVersion = 10.0.40219.1
Project("{FAE04EC0-301F-11D3-BF4B-00C04F79EFBC}") = "DiabloInterface", "DiabloInterface\DiabloInterface.csproj", "{25BB3310-9BD7-4234-AF7D-9F7FB6870A20}"
EndProject
Project("{FAE04EC0-301F-11D3-BF4B-00C04F79EFBC}") = "D2Reader", "D2Reader\D2Reader.csproj", "{C5F081D7-FB83-4934-908F-53CE986AB08C}"
EndProject
Project("{FAE04EC0-301F-11D3-BF4B-00C04F79EFBC}") = "DiabloInterface.Plugin.PipeServer", "DiabloInterface.Plugin.PipeServer\DiabloInterface.Plugin.PipeServer.csproj", "{59944B50-1A5E-4E02-B9BE-0F9B499770DF}"
EndProject
Project("{2150E333-8FDC-42A3-9474-1A3956D46DE8}") = "Solution Items", "Solution Items", "{2059508E-639D-478E-85C7-B7B5EA25624E}"
	ProjectSection(SolutionItems) = preProject
		.editorconfig = .editorconfig
	EndProjectSection
EndProject
Project("{FAE04EC0-301F-11D3-BF4B-00C04F79EFBC}") = "DiabloInterface.Plugin.HttpClient", "DiabloInterface.Plugin.HttpClient\DiabloInterface.Plugin.HttpClient.csproj", "{17513A94-7271-422D-A34F-588B1D774987}"
EndProject
Project("{FAE04EC0-301F-11D3-BF4B-00C04F79EFBC}") = "DiabloInterface.Plugin.Autosplits", "DiabloInterface.Plugin.Autosplits\DiabloInterface.Plugin.Autosplits.csproj", "{F00FFB11-A885-4D11-9839-42FF68092E93}"
EndProject
Project("{FAE04EC0-301F-11D3-BF4B-00C04F79EFBC}") = "DiabloInterface.Plugin.FileWriter", "DiabloInterface.Plugin.FileWriter\DiabloInterface.Plugin.FileWriter.csproj", "{C9BA823B-E8D6-4B46-BC89-7E9377BB1815}"
EndProject
Project("{FAE04EC0-301F-11D3-BF4B-00C04F79EFBC}") = "DiabloInterface.Plugin.Autosplits.Test", "DiabloInterface.Plugin.Autosplits.Test\DiabloInterface.Plugin.Autosplits.Test.csproj", "{6EA6B43B-B3CF-427E-9B28-C8736496CB9E}"
EndProject
Project("{FAE04EC0-301F-11D3-BF4B-00C04F79EFBC}") = "DiabloInterface.Plugin.FileWriter.Test", "DiabloInterface.Plugin.FileWriter.Test\DiabloInterface.Plugin.FileWriter.Test.csproj", "{30DA147B-6D77-406E-8C08-0137105D1AED}"
EndProject
Project("{FAE04EC0-301F-11D3-BF4B-00C04F79EFBC}") = "DiabloInterface.Plugin.PipeServer.Test", "DiabloInterface.Plugin.PipeServer.Test\DiabloInterface.Plugin.PipeServer.Test.csproj", "{7095BFA3-857A-4491-879F-B7D863E327E1}"
EndProject
Project("{FAE04EC0-301F-11D3-BF4B-00C04F79EFBC}") = "D2Reader.Test", "D2Reader.Test\D2Reader.Test.csproj", "{9D7AB953-19E0-46F6-A400-E3420C1E8905}"
EndProject
Project("{FAE04EC0-301F-11D3-BF4B-00C04F79EFBC}") = "DiabloInterface.Plugin.Updater", "DiabloInterface.Plugin.Updater\DiabloInterface.Plugin.Updater.csproj", "{A6EEB95A-7B80-48BB-997A-4FCE9B61A563}"
EndProject
Project("{FAE04EC0-301F-11D3-BF4B-00C04F79EFBC}") = "DiabloInterface.Lib", "DiabloInterface.Lib\DiabloInterface.Lib.csproj", "{8992BB97-1DD9-4ED6-8E7A-448682EE28D5}"
EndProject
Project("{FAE04EC0-301F-11D3-BF4B-00C04F79EFBC}") = "DiabloInterface.Plugin.HttpClient.Test", "DiabloInterface.Plugin.HttpClient.Test\DiabloInterface.Plugin.HttpClient.Test.csproj", "{43007479-0D82-49A6-92A4-3A8386E106CC}"
EndProject
Project("{FAE04EC0-301F-11D3-BF4B-00C04F79EFBC}") = "DiabloInterface.Plugin.Updater.Test", "DiabloInterface.Plugin.Updater.Test\DiabloInterface.Plugin.Updater.Test.csproj", "{E15910D6-F465-4E85-A135-D1986A953F36}"
EndProject
Global
	GlobalSection(SolutionConfigurationPlatforms) = preSolution
		Debug|Any CPU = Debug|Any CPU
		Debug|x64 = Debug|x64
		Debug|x86 = Debug|x86
		Release|Any CPU = Release|Any CPU
		Release|x64 = Release|x64
		Release|x86 = Release|x86
	EndGlobalSection
	GlobalSection(ProjectConfigurationPlatforms) = postSolution
		{25BB3310-9BD7-4234-AF7D-9F7FB6870A20}.Debug|Any CPU.ActiveCfg = Debug|Any CPU
		{25BB3310-9BD7-4234-AF7D-9F7FB6870A20}.Debug|Any CPU.Build.0 = Debug|Any CPU
		{25BB3310-9BD7-4234-AF7D-9F7FB6870A20}.Debug|x64.ActiveCfg = Debug|x64
		{25BB3310-9BD7-4234-AF7D-9F7FB6870A20}.Debug|x64.Build.0 = Debug|x64
		{25BB3310-9BD7-4234-AF7D-9F7FB6870A20}.Debug|x86.ActiveCfg = Debug|x86
		{25BB3310-9BD7-4234-AF7D-9F7FB6870A20}.Debug|x86.Build.0 = Debug|x86
		{25BB3310-9BD7-4234-AF7D-9F7FB6870A20}.Release|Any CPU.ActiveCfg = Release|Any CPU
		{25BB3310-9BD7-4234-AF7D-9F7FB6870A20}.Release|Any CPU.Build.0 = Release|Any CPU
		{25BB3310-9BD7-4234-AF7D-9F7FB6870A20}.Release|x64.ActiveCfg = Release|x64
		{25BB3310-9BD7-4234-AF7D-9F7FB6870A20}.Release|x64.Build.0 = Release|x64
		{25BB3310-9BD7-4234-AF7D-9F7FB6870A20}.Release|x86.ActiveCfg = Release|x86
		{25BB3310-9BD7-4234-AF7D-9F7FB6870A20}.Release|x86.Build.0 = Release|x86
		{C5F081D7-FB83-4934-908F-53CE986AB08C}.Debug|Any CPU.ActiveCfg = Debug|Any CPU
		{C5F081D7-FB83-4934-908F-53CE986AB08C}.Debug|Any CPU.Build.0 = Debug|Any CPU
		{C5F081D7-FB83-4934-908F-53CE986AB08C}.Debug|x64.ActiveCfg = Debug|x64
		{C5F081D7-FB83-4934-908F-53CE986AB08C}.Debug|x64.Build.0 = Debug|x64
		{C5F081D7-FB83-4934-908F-53CE986AB08C}.Debug|x86.ActiveCfg = Debug|x86
		{C5F081D7-FB83-4934-908F-53CE986AB08C}.Debug|x86.Build.0 = Debug|x86
		{C5F081D7-FB83-4934-908F-53CE986AB08C}.Release|Any CPU.ActiveCfg = Release|Any CPU
		{C5F081D7-FB83-4934-908F-53CE986AB08C}.Release|Any CPU.Build.0 = Release|Any CPU
		{C5F081D7-FB83-4934-908F-53CE986AB08C}.Release|x64.ActiveCfg = Release|x64
		{C5F081D7-FB83-4934-908F-53CE986AB08C}.Release|x64.Build.0 = Release|x64
		{C5F081D7-FB83-4934-908F-53CE986AB08C}.Release|x86.ActiveCfg = Release|x86
		{C5F081D7-FB83-4934-908F-53CE986AB08C}.Release|x86.Build.0 = Release|x86
		{59944B50-1A5E-4E02-B9BE-0F9B499770DF}.Debug|Any CPU.ActiveCfg = Debug|Any CPU
		{59944B50-1A5E-4E02-B9BE-0F9B499770DF}.Debug|Any CPU.Build.0 = Debug|Any CPU
		{59944B50-1A5E-4E02-B9BE-0F9B499770DF}.Debug|x64.ActiveCfg = Debug|x64
		{59944B50-1A5E-4E02-B9BE-0F9B499770DF}.Debug|x64.Build.0 = Debug|x64
		{59944B50-1A5E-4E02-B9BE-0F9B499770DF}.Debug|x86.ActiveCfg = Debug|x86
		{59944B50-1A5E-4E02-B9BE-0F9B499770DF}.Debug|x86.Build.0 = Debug|x86
		{59944B50-1A5E-4E02-B9BE-0F9B499770DF}.Release|Any CPU.ActiveCfg = Release|Any CPU
		{59944B50-1A5E-4E02-B9BE-0F9B499770DF}.Release|Any CPU.Build.0 = Release|Any CPU
		{59944B50-1A5E-4E02-B9BE-0F9B499770DF}.Release|x64.ActiveCfg = Release|x64
		{59944B50-1A5E-4E02-B9BE-0F9B499770DF}.Release|x64.Build.0 = Release|x64
		{59944B50-1A5E-4E02-B9BE-0F9B499770DF}.Release|x86.ActiveCfg = Release|x86
		{59944B50-1A5E-4E02-B9BE-0F9B499770DF}.Release|x86.Build.0 = Release|x86
		{17513A94-7271-422D-A34F-588B1D774987}.Debug|Any CPU.ActiveCfg = Debug|Any CPU
		{17513A94-7271-422D-A34F-588B1D774987}.Debug|Any CPU.Build.0 = Debug|Any CPU
		{17513A94-7271-422D-A34F-588B1D774987}.Debug|x64.ActiveCfg = Debug|x64
		{17513A94-7271-422D-A34F-588B1D774987}.Debug|x64.Build.0 = Debug|x64
		{17513A94-7271-422D-A34F-588B1D774987}.Debug|x86.ActiveCfg = Debug|x86
		{17513A94-7271-422D-A34F-588B1D774987}.Debug|x86.Build.0 = Debug|x86
		{17513A94-7271-422D-A34F-588B1D774987}.Release|Any CPU.ActiveCfg = Release|Any CPU
		{17513A94-7271-422D-A34F-588B1D774987}.Release|Any CPU.Build.0 = Release|Any CPU
		{17513A94-7271-422D-A34F-588B1D774987}.Release|x64.ActiveCfg = Release|x64
		{17513A94-7271-422D-A34F-588B1D774987}.Release|x64.Build.0 = Release|x64
		{17513A94-7271-422D-A34F-588B1D774987}.Release|x86.ActiveCfg = Release|x86
		{17513A94-7271-422D-A34F-588B1D774987}.Release|x86.Build.0 = Release|x86
		{F00FFB11-A885-4D11-9839-42FF68092E93}.Debug|Any CPU.ActiveCfg = Debug|Any CPU
		{F00FFB11-A885-4D11-9839-42FF68092E93}.Debug|Any CPU.Build.0 = Debug|Any CPU
		{F00FFB11-A885-4D11-9839-42FF68092E93}.Debug|x64.ActiveCfg = Debug|x64
		{F00FFB11-A885-4D11-9839-42FF68092E93}.Debug|x64.Build.0 = Debug|x64
		{F00FFB11-A885-4D11-9839-42FF68092E93}.Debug|x86.ActiveCfg = Debug|x86
		{F00FFB11-A885-4D11-9839-42FF68092E93}.Debug|x86.Build.0 = Debug|x86
		{F00FFB11-A885-4D11-9839-42FF68092E93}.Release|Any CPU.ActiveCfg = Release|Any CPU
		{F00FFB11-A885-4D11-9839-42FF68092E93}.Release|Any CPU.Build.0 = Release|Any CPU
		{F00FFB11-A885-4D11-9839-42FF68092E93}.Release|x64.ActiveCfg = Release|x64
		{F00FFB11-A885-4D11-9839-42FF68092E93}.Release|x64.Build.0 = Release|x64
		{F00FFB11-A885-4D11-9839-42FF68092E93}.Release|x86.ActiveCfg = Release|x86
		{F00FFB11-A885-4D11-9839-42FF68092E93}.Release|x86.Build.0 = Release|x86
		{C9BA823B-E8D6-4B46-BC89-7E9377BB1815}.Debug|Any CPU.ActiveCfg = Debug|Any CPU
		{C9BA823B-E8D6-4B46-BC89-7E9377BB1815}.Debug|Any CPU.Build.0 = Debug|Any CPU
		{C9BA823B-E8D6-4B46-BC89-7E9377BB1815}.Debug|x64.ActiveCfg = Debug|x64
		{C9BA823B-E8D6-4B46-BC89-7E9377BB1815}.Debug|x64.Build.0 = Debug|x64
		{C9BA823B-E8D6-4B46-BC89-7E9377BB1815}.Debug|x86.ActiveCfg = Debug|x86
		{C9BA823B-E8D6-4B46-BC89-7E9377BB1815}.Debug|x86.Build.0 = Debug|x86
		{C9BA823B-E8D6-4B46-BC89-7E9377BB1815}.Release|Any CPU.ActiveCfg = Release|Any CPU
		{C9BA823B-E8D6-4B46-BC89-7E9377BB1815}.Release|Any CPU.Build.0 = Release|Any CPU
		{C9BA823B-E8D6-4B46-BC89-7E9377BB1815}.Release|x64.ActiveCfg = Release|x64
		{C9BA823B-E8D6-4B46-BC89-7E9377BB1815}.Release|x64.Build.0 = Release|x64
		{C9BA823B-E8D6-4B46-BC89-7E9377BB1815}.Release|x86.ActiveCfg = Release|x86
		{C9BA823B-E8D6-4B46-BC89-7E9377BB1815}.Release|x86.Build.0 = Release|x86
		{6EA6B43B-B3CF-427E-9B28-C8736496CB9E}.Debug|Any CPU.ActiveCfg = Debug|Any CPU
		{6EA6B43B-B3CF-427E-9B28-C8736496CB9E}.Debug|Any CPU.Build.0 = Debug|Any CPU
		{6EA6B43B-B3CF-427E-9B28-C8736496CB9E}.Debug|x64.ActiveCfg = Debug|x64
		{6EA6B43B-B3CF-427E-9B28-C8736496CB9E}.Debug|x64.Build.0 = Debug|x64
		{6EA6B43B-B3CF-427E-9B28-C8736496CB9E}.Debug|x86.ActiveCfg = Debug|x86
		{6EA6B43B-B3CF-427E-9B28-C8736496CB9E}.Debug|x86.Build.0 = Debug|x86
		{6EA6B43B-B3CF-427E-9B28-C8736496CB9E}.Release|Any CPU.ActiveCfg = Release|Any CPU
		{6EA6B43B-B3CF-427E-9B28-C8736496CB9E}.Release|Any CPU.Build.0 = Release|Any CPU
		{6EA6B43B-B3CF-427E-9B28-C8736496CB9E}.Release|x64.ActiveCfg = Release|x64
		{6EA6B43B-B3CF-427E-9B28-C8736496CB9E}.Release|x64.Build.0 = Release|x64
		{6EA6B43B-B3CF-427E-9B28-C8736496CB9E}.Release|x86.ActiveCfg = Release|x86
		{6EA6B43B-B3CF-427E-9B28-C8736496CB9E}.Release|x86.Build.0 = Release|x86
		{30DA147B-6D77-406E-8C08-0137105D1AED}.Debug|Any CPU.ActiveCfg = Debug|Any CPU
		{30DA147B-6D77-406E-8C08-0137105D1AED}.Debug|Any CPU.Build.0 = Debug|Any CPU
		{30DA147B-6D77-406E-8C08-0137105D1AED}.Debug|x64.ActiveCfg = Debug|x64
		{30DA147B-6D77-406E-8C08-0137105D1AED}.Debug|x64.Build.0 = Debug|x64
		{30DA147B-6D77-406E-8C08-0137105D1AED}.Debug|x86.ActiveCfg = Debug|x86
		{30DA147B-6D77-406E-8C08-0137105D1AED}.Debug|x86.Build.0 = Debug|x86
		{30DA147B-6D77-406E-8C08-0137105D1AED}.Release|Any CPU.ActiveCfg = Release|Any CPU
		{30DA147B-6D77-406E-8C08-0137105D1AED}.Release|Any CPU.Build.0 = Release|Any CPU
		{30DA147B-6D77-406E-8C08-0137105D1AED}.Release|x64.ActiveCfg = Release|x64
		{30DA147B-6D77-406E-8C08-0137105D1AED}.Release|x64.Build.0 = Release|x64
		{30DA147B-6D77-406E-8C08-0137105D1AED}.Release|x86.ActiveCfg = Release|x86
		{30DA147B-6D77-406E-8C08-0137105D1AED}.Release|x86.Build.0 = Release|x86
		{7095BFA3-857A-4491-879F-B7D863E327E1}.Debug|Any CPU.ActiveCfg = Debug|Any CPU
		{7095BFA3-857A-4491-879F-B7D863E327E1}.Debug|Any CPU.Build.0 = Debug|Any CPU
		{7095BFA3-857A-4491-879F-B7D863E327E1}.Debug|x64.ActiveCfg = Debug|x64
		{7095BFA3-857A-4491-879F-B7D863E327E1}.Debug|x64.Build.0 = Debug|x64
		{7095BFA3-857A-4491-879F-B7D863E327E1}.Debug|x86.ActiveCfg = Debug|x86
		{7095BFA3-857A-4491-879F-B7D863E327E1}.Debug|x86.Build.0 = Debug|x86
		{7095BFA3-857A-4491-879F-B7D863E327E1}.Release|Any CPU.ActiveCfg = Release|Any CPU
		{7095BFA3-857A-4491-879F-B7D863E327E1}.Release|Any CPU.Build.0 = Release|Any CPU
		{7095BFA3-857A-4491-879F-B7D863E327E1}.Release|x64.ActiveCfg = Release|x64
		{7095BFA3-857A-4491-879F-B7D863E327E1}.Release|x64.Build.0 = Release|x64
		{7095BFA3-857A-4491-879F-B7D863E327E1}.Release|x86.ActiveCfg = Release|x86
		{7095BFA3-857A-4491-879F-B7D863E327E1}.Release|x86.Build.0 = Release|x86
		{9D7AB953-19E0-46F6-A400-E3420C1E8905}.Debug|Any CPU.ActiveCfg = Debug|Any CPU
		{9D7AB953-19E0-46F6-A400-E3420C1E8905}.Debug|Any CPU.Build.0 = Debug|Any CPU
		{9D7AB953-19E0-46F6-A400-E3420C1E8905}.Debug|x64.ActiveCfg = Debug|x64
		{9D7AB953-19E0-46F6-A400-E3420C1E8905}.Debug|x64.Build.0 = Debug|x64
		{9D7AB953-19E0-46F6-A400-E3420C1E8905}.Debug|x86.ActiveCfg = Debug|x86
		{9D7AB953-19E0-46F6-A400-E3420C1E8905}.Debug|x86.Build.0 = Debug|x86
		{9D7AB953-19E0-46F6-A400-E3420C1E8905}.Release|Any CPU.ActiveCfg = Release|Any CPU
		{9D7AB953-19E0-46F6-A400-E3420C1E8905}.Release|Any CPU.Build.0 = Release|Any CPU
		{9D7AB953-19E0-46F6-A400-E3420C1E8905}.Release|x64.ActiveCfg = Release|x64
		{9D7AB953-19E0-46F6-A400-E3420C1E8905}.Release|x64.Build.0 = Release|x64
		{9D7AB953-19E0-46F6-A400-E3420C1E8905}.Release|x86.ActiveCfg = Release|x86
		{9D7AB953-19E0-46F6-A400-E3420C1E8905}.Release|x86.Build.0 = Release|x86
		{A6EEB95A-7B80-48BB-997A-4FCE9B61A563}.Debug|Any CPU.ActiveCfg = Debug|Any CPU
		{A6EEB95A-7B80-48BB-997A-4FCE9B61A563}.Debug|Any CPU.Build.0 = Debug|Any CPU
		{A6EEB95A-7B80-48BB-997A-4FCE9B61A563}.Debug|x64.ActiveCfg = Debug|x64
		{A6EEB95A-7B80-48BB-997A-4FCE9B61A563}.Debug|x64.Build.0 = Debug|x64
		{A6EEB95A-7B80-48BB-997A-4FCE9B61A563}.Debug|x86.ActiveCfg = Debug|x86
		{A6EEB95A-7B80-48BB-997A-4FCE9B61A563}.Debug|x86.Build.0 = Debug|x86
		{A6EEB95A-7B80-48BB-997A-4FCE9B61A563}.Release|Any CPU.ActiveCfg = Release|Any CPU
		{A6EEB95A-7B80-48BB-997A-4FCE9B61A563}.Release|Any CPU.Build.0 = Release|Any CPU
		{A6EEB95A-7B80-48BB-997A-4FCE9B61A563}.Release|x64.ActiveCfg = Release|x64
		{A6EEB95A-7B80-48BB-997A-4FCE9B61A563}.Release|x64.Build.0 = Release|x64
		{A6EEB95A-7B80-48BB-997A-4FCE9B61A563}.Release|x86.ActiveCfg = Release|x86
		{A6EEB95A-7B80-48BB-997A-4FCE9B61A563}.Release|x86.Build.0 = Release|x86
		{8992BB97-1DD9-4ED6-8E7A-448682EE28D5}.Debug|Any CPU.ActiveCfg = Debug|Any CPU
		{8992BB97-1DD9-4ED6-8E7A-448682EE28D5}.Debug|Any CPU.Build.0 = Debug|Any CPU
		{8992BB97-1DD9-4ED6-8E7A-448682EE28D5}.Debug|x64.ActiveCfg = Debug|x64
		{8992BB97-1DD9-4ED6-8E7A-448682EE28D5}.Debug|x64.Build.0 = Debug|x64
		{8992BB97-1DD9-4ED6-8E7A-448682EE28D5}.Debug|x86.ActiveCfg = Debug|x86
		{8992BB97-1DD9-4ED6-8E7A-448682EE28D5}.Debug|x86.Build.0 = Debug|x86
		{8992BB97-1DD9-4ED6-8E7A-448682EE28D5}.Release|Any CPU.ActiveCfg = Release|Any CPU
		{8992BB97-1DD9-4ED6-8E7A-448682EE28D5}.Release|Any CPU.Build.0 = Release|Any CPU
		{8992BB97-1DD9-4ED6-8E7A-448682EE28D5}.Release|x64.ActiveCfg = Release|x64
		{8992BB97-1DD9-4ED6-8E7A-448682EE28D5}.Release|x64.Build.0 = Release|x64
		{8992BB97-1DD9-4ED6-8E7A-448682EE28D5}.Release|x86.ActiveCfg = Release|x86
		{8992BB97-1DD9-4ED6-8E7A-448682EE28D5}.Release|x86.Build.0 = Release|x86
		{43007479-0D82-49A6-92A4-3A8386E106CC}.Debug|Any CPU.ActiveCfg = Debug|Any CPU
		{43007479-0D82-49A6-92A4-3A8386E106CC}.Debug|Any CPU.Build.0 = Debug|Any CPU
		{43007479-0D82-49A6-92A4-3A8386E106CC}.Debug|x64.ActiveCfg = Debug|Any CPU
		{43007479-0D82-49A6-92A4-3A8386E106CC}.Debug|x64.Build.0 = Debug|Any CPU
		{43007479-0D82-49A6-92A4-3A8386E106CC}.Debug|x86.ActiveCfg = Debug|Any CPU
		{43007479-0D82-49A6-92A4-3A8386E106CC}.Debug|x86.Build.0 = Debug|Any CPU
		{43007479-0D82-49A6-92A4-3A8386E106CC}.Release|Any CPU.ActiveCfg = Release|Any CPU
		{43007479-0D82-49A6-92A4-3A8386E106CC}.Release|Any CPU.Build.0 = Release|Any CPU
		{43007479-0D82-49A6-92A4-3A8386E106CC}.Release|x64.ActiveCfg = Release|Any CPU
		{43007479-0D82-49A6-92A4-3A8386E106CC}.Release|x64.Build.0 = Release|Any CPU
		{43007479-0D82-49A6-92A4-3A8386E106CC}.Release|x86.ActiveCfg = Release|Any CPU
		{43007479-0D82-49A6-92A4-3A8386E106CC}.Release|x86.Build.0 = Release|Any CPU
		{E15910D6-F465-4E85-A135-D1986A953F36}.Debug|Any CPU.ActiveCfg = Debug|Any CPU
		{E15910D6-F465-4E85-A135-D1986A953F36}.Debug|Any CPU.Build.0 = Debug|Any CPU
		{E15910D6-F465-4E85-A135-D1986A953F36}.Debug|x64.ActiveCfg = Debug|Any CPU
		{E15910D6-F465-4E85-A135-D1986A953F36}.Debug|x64.Build.0 = Debug|Any CPU
		{E15910D6-F465-4E85-A135-D1986A953F36}.Debug|x86.ActiveCfg = Debug|Any CPU
		{E15910D6-F465-4E85-A135-D1986A953F36}.Debug|x86.Build.0 = Debug|Any CPU
		{E15910D6-F465-4E85-A135-D1986A953F36}.Release|Any CPU.ActiveCfg = Release|Any CPU
		{E15910D6-F465-4E85-A135-D1986A953F36}.Release|Any CPU.Build.0 = Release|Any CPU
		{E15910D6-F465-4E85-A135-D1986A953F36}.Release|x64.ActiveCfg = Release|Any CPU
		{E15910D6-F465-4E85-A135-D1986A953F36}.Release|x64.Build.0 = Release|Any CPU
		{E15910D6-F465-4E85-A135-D1986A953F36}.Release|x86.ActiveCfg = Release|Any CPU
		{E15910D6-F465-4E85-A135-D1986A953F36}.Release|x86.Build.0 = Release|Any CPU
	EndGlobalSection
	GlobalSection(SolutionProperties) = preSolution
		HideSolutionNode = FALSE
	EndGlobalSection
	GlobalSection(ExtensibilityGlobals) = postSolution
		SolutionGuid = {6CA0BED8-8187-4C9E-8E1D-2A776EA5DDB4}
	EndGlobalSection
EndGlobal
